
Microsoft Visual Studio Solution File, Format Version 12.00
# Visual Studio Version 16
VisualStudioVersion = 16.0.29609.76
MinimumVisualStudioVersion = 10.0.40219.1
Project("{9A19103F-16F7-4668-BE54-9A1E7A4F7556}") = "TaxonomyPrj2", "TaxonomyPrj2\TaxonomyPrj2.csproj", "{C490A5B2-3301-46EC-86AF-70A79DBD8E10}"
EndProject
Project("{9A19103F-16F7-4668-BE54-9A1E7A4F7556}") = "DAL", "DAL\DAL.csproj", "{748A92F2-E941-42FC-9986-BCDFD087CF90}"
EndProject
Global
	GlobalSection(SolutionConfigurationPlatforms) = preSolution
		Debug|Any CPU = Debug|Any CPU
		Release|Any CPU = Release|Any CPU
	EndGlobalSection
	GlobalSection(ProjectConfigurationPlatforms) = postSolution
		{C490A5B2-3301-46EC-86AF-70A79DBD8E10}.Debug|Any CPU.ActiveCfg = Debug|Any CPU
		{C490A5B2-3301-46EC-86AF-70A79DBD8E10}.Debug|Any CPU.Build.0 = Debug|Any CPU
		{C490A5B2-3301-46EC-86AF-70A79DBD8E10}.Release|Any CPU.ActiveCfg = Release|Any CPU
		{C490A5B2-3301-46EC-86AF-70A79DBD8E10}.Release|Any CPU.Build.0 = Release|Any CPU
		{748A92F2-E941-42FC-9986-BCDFD087CF90}.Debug|Any CPU.ActiveCfg = Debug|Any CPU
		{748A92F2-E941-42FC-9986-BCDFD087CF90}.Debug|Any CPU.Build.0 = Debug|Any CPU
		{748A92F2-E941-42FC-9986-BCDFD087CF90}.Release|Any CPU.ActiveCfg = Release|Any CPU
		{748A92F2-E941-42FC-9986-BCDFD087CF90}.Release|Any CPU.Build.0 = Release|Any CPU
	EndGlobalSection
	GlobalSection(SolutionProperties) = preSolution
		HideSolutionNode = FALSE
	EndGlobalSection
	GlobalSection(ExtensibilityGlobals) = postSolution
		SolutionGuid = {C02C6E18-65C8-44BC-BA3F-3F5132FE14FB}
	EndGlobalSection
EndGlobal
